
Microsoft Visual Studio Solution File, Format Version 12.00
# Visual Studio Version 17
VisualStudioVersion = 17.10.35122.118
MinimumVisualStudioVersion = 10.0.40219.1
Project("{9A19103F-16F7-4668-BE54-9A1E7A4F7556}") = "ToDoList", "ToDoList\ToDoList.csproj", "{3DB03DA1-219C-4E6B-A6F6-118DDD9BDCCC}"
EndProject
Project("{FAE04EC0-301F-11D3-BF4B-00C04F79EFBC}") = "Calculator", "Calculator\Calculator.csproj", "{D171861D-4A4C-4801-90E4-0DC80A0605ED}"
EndProject
Global
	GlobalSection(SolutionConfigurationPlatforms) = preSolution
		Debug|Any CPU = Debug|Any CPU
		Release|Any CPU = Release|Any CPU
	EndGlobalSection
	GlobalSection(ProjectConfigurationPlatforms) = postSolution
		{3DB03DA1-219C-4E6B-A6F6-118DDD9BDCCC}.Debug|Any CPU.ActiveCfg = Debug|Any CPU
		{3DB03DA1-219C-4E6B-A6F6-118DDD9BDCCC}.Debug|Any CPU.Build.0 = Debug|Any CPU
		{3DB03DA1-219C-4E6B-A6F6-118DDD9BDCCC}.Release|Any CPU.ActiveCfg = Release|Any CPU
		{3DB03DA1-219C-4E6B-A6F6-118DDD9BDCCC}.Release|Any CPU.Build.0 = Release|Any CPU
		{D171861D-4A4C-4801-90E4-0DC80A0605ED}.Debug|Any CPU.ActiveCfg = Debug|Any CPU
		{D171861D-4A4C-4801-90E4-0DC80A0605ED}.Debug|Any CPU.Build.0 = Debug|Any CPU
		{D171861D-4A4C-4801-90E4-0DC80A0605ED}.Release|Any CPU.ActiveCfg = Release|Any CPU
		{D171861D-4A4C-4801-90E4-0DC80A0605ED}.Release|Any CPU.Build.0 = Release|Any CPU
	EndGlobalSection
	GlobalSection(SolutionProperties) = preSolution
		HideSolutionNode = FALSE
	EndGlobalSection
	GlobalSection(ExtensibilityGlobals) = postSolution
		SolutionGuid = {25BCDA7B-43F8-4199-899A-BA2E63158423}
	EndGlobalSection
EndGlobal
